// !$*UTF8*$!
{
	archiveVersion = 1;
	classes = {
	};
	objectVersion = 50;
	objects = {

/* Begin PBXBuildFile section */
		E29A5F65246C1F7D00B7A242 /* AppDelegate.swift in Sources */ = {isa = PBXBuildFile; fileRef = E29A5F64246C1F7D00B7A242 /* AppDelegate.swift */; };
		E29A5F67246C1F7D00B7A242 /* SceneDelegate.swift in Sources */ = {isa = PBXBuildFile; fileRef = E29A5F66246C1F7D00B7A242 /* SceneDelegate.swift */; };
		E29A5F69246C1F7D00B7A242 /* ViewController.swift in Sources */ = {isa = PBXBuildFile; fileRef = E29A5F68246C1F7D00B7A242 /* ViewController.swift */; };
		E29A5F6C246C1F7D00B7A242 /* Main.storyboard in Resources */ = {isa = PBXBuildFile; fileRef = E29A5F6A246C1F7D00B7A242 /* Main.storyboard */; };
		E29A5F6E246C1F8800B7A242 /* Assets.xcassets in Resources */ = {isa = PBXBuildFile; fileRef = E29A5F6D246C1F8800B7A242 /* Assets.xcassets */; };
		E29A5F71246C1F8800B7A242 /* LaunchScreen.storyboard in Resources */ = {isa = PBXBuildFile; fileRef = E29A5F6F246C1F8800B7A242 /* LaunchScreen.storyboard */; };
		E29A5F7C246C1F8800B7A242 /* proTests.swift in Sources */ = {isa = PBXBuildFile; fileRef = E29A5F7B246C1F8800B7A242 /* proTests.swift */; };
		E29A5F87246C1F8800B7A242 /* proUITests.swift in Sources */ = {isa = PBXBuildFile; fileRef = E29A5F86246C1F8800B7A242 /* proUITests.swift */; };
/* End PBXBuildFile section */

/* Begin PBXContainerItemProxy section */
		E29A5F78246C1F8800B7A242 /* PBXContainerItemProxy */ = {
			isa = PBXContainerItemProxy;
			containerPortal = E29A5F59246C1F7D00B7A242 /* Project object */;
			proxyType = 1;
			remoteGlobalIDString = E29A5F60246C1F7D00B7A242;
			remoteInfo = pro;
		};
		E29A5F83246C1F8800B7A242 /* PBXContainerItemProxy */ = {
			isa = PBXContainerItemProxy;
			containerPortal = E29A5F59246C1F7D00B7A242 /* Project object */;
			proxyType = 1;
			remoteGlobalIDString = E29A5F60246C1F7D00B7A242;
			remoteInfo = pro;
		};
/* End PBXContainerItemProxy section */

/* Begin PBXFileReference section */
		E29A5F61246C1F7D00B7A242 /* pro.app */ = {isa = PBXFileReference; explicitFileType = wrapper.application; includeInIndex = 0; path = pro.app; sourceTree = BUILT_PRODUCTS_DIR; };
		E29A5F64246C1F7D00B7A242 /* AppDelegate.swift */ = {isa = PBXFileReference; lastKnownFileType = sourcecode.swift; path = AppDelegate.swift; sourceTree = "<group>"; };
		E29A5F66246C1F7D00B7A242 /* SceneDelegate.swift */ = {isa = PBXFileReference; lastKnownFileType = sourcecode.swift; path = SceneDelegate.swift; sourceTree = "<group>"; };
		E29A5F68246C1F7D00B7A242 /* ViewController.swift */ = {isa = PBXFileReference; lastKnownFileType = sourcecode.swift; path = ViewController.swift; sourceTree = "<group>"; };
		E29A5F6B246C1F7D00B7A242 /* Base */ = {isa = PBXFileReference; lastKnownFileType = file.storyboard; name = Base; path = Base.lproj/Main.storyboard; sourceTree = "<group>"; };
		E29A5F6D246C1F8800B7A242 /* Assets.xcassets */ = {isa = PBXFileReference; lastKnownFileType = folder.assetcatalog; path = Assets.xcassets; sourceTree = "<group>"; };
		E29A5F70246C1F8800B7A242 /* Base */ = {isa = PBXFileReference; lastKnownFileType = file.storyboard; name = Base; path = Base.lproj/LaunchScreen.storyboard; sourceTree = "<group>"; };
		E29A5F72246C1F8800B7A242 /* Info.plist */ = {isa = PBXFileReference; lastKnownFileType = text.plist.xml; path = Info.plist; sourceTree = "<group>"; };
		E29A5F77246C1F8800B7A242 /* proTests.xctest */ = {isa = PBXFileReference; explicitFileType = wrapper.cfbundle; includeInIndex = 0; path = proTests.xctest; sourceTree = BUILT_PRODUCTS_DIR; };
		E29A5F7B246C1F8800B7A242 /* proTests.swift */ = {isa = PBXFileReference; lastKnownFileType = sourcecode.swift; path = proTests.swift; sourceTree = "<group>"; };
		E29A5F7D246C1F8800B7A242 /* Info.plist */ = {isa = PBXFileReference; lastKnownFileType = text.plist.xml; path = Info.plist; sourceTree = "<group>"; };
		E29A5F82246C1F8800B7A242 /* proUITests.xctest */ = {isa = PBXFileReference; explicitFileType = wrapper.cfbundle; includeInIndex = 0; path = proUITests.xctest; sourceTree = BUILT_PRODUCTS_DIR; };
		E29A5F86246C1F8800B7A242 /* proUITests.swift */ = {isa = PBXFileReference; lastKnownFileType = sourcecode.swift; path = proUITests.swift; sourceTree = "<group>"; };
		E29A5F88246C1F8800B7A242 /* Info.plist */ = {isa = PBXFileReference; lastKnownFileType = text.plist.xml; path = Info.plist; sourceTree = "<group>"; };
/* End PBXFileReference section */

/* Begin PBXFrameworksBuildPhase section */
		E29A5F5E246C1F7D00B7A242 /* Frameworks */ = {
			isa = PBXFrameworksBuildPhase;
			buildActionMask = 2147483647;
			files = (
			);
			runOnlyForDeploymentPostprocessing = 0;
		};
		E29A5F74246C1F8800B7A242 /* Frameworks */ = {
			isa = PBXFrameworksBuildPhase;
			buildActionMask = 2147483647;
			files = (
			);
			runOnlyForDeploymentPostprocessing = 0;
		};
		E29A5F7F246C1F8800B7A242 /* Frameworks */ = {
			isa = PBXFrameworksBuildPhase;
			buildActionMask = 2147483647;
			files = (
			);
			runOnlyForDeploymentPostprocessing = 0;
		};
/* End PBXFrameworksBuildPhase section */

/* Begin PBXGroup section */
		E29A5F58246C1F7D00B7A242 = {
			isa = PBXGroup;
			children = (
				E29A5F63246C1F7D00B7A242 /* pro */,
				E29A5F7A246C1F8800B7A242 /* proTests */,
				E29A5F85246C1F8800B7A242 /* proUITests */,
				E29A5F62246C1F7D00B7A242 /* Products */,
			);
			sourceTree = "<group>";
		};
		E29A5F62246C1F7D00B7A242 /* Products */ = {
			isa = PBXGroup;
			children = (
				E29A5F61246C1F7D00B7A242 /* pro.app */,
				E29A5F77246C1F8800B7A242 /* proTests.xctest */,
				E29A5F82246C1F8800B7A242 /* proUITests.xctest */,
			);
			name = Products;
			sourceTree = "<group>";
		};
		E29A5F63246C1F7D00B7A242 /* pro */ = {
			isa = PBXGroup;
			children = (
				E29A5F64246C1F7D00B7A242 /* AppDelegate.swift */,
				E29A5F66246C1F7D00B7A242 /* SceneDelegate.swift */,
				E29A5F68246C1F7D00B7A242 /* ViewController.swift */,
				E29A5F6A246C1F7D00B7A242 /* Main.storyboard */,
				E29A5F6D246C1F8800B7A242 /* Assets.xcassets */,
				E29A5F6F246C1F8800B7A242 /* LaunchScreen.storyboard */,
				E29A5F72246C1F8800B7A242 /* Info.plist */,
			);
			path = pro;
			sourceTree = "<group>";
		};
		E29A5F7A246C1F8800B7A242 /* proTests */ = {
			isa = PBXGroup;
			children = (
				E29A5F7B246C1F8800B7A242 /* proTests.swift */,
				E29A5F7D246C1F8800B7A242 /* Info.plist */,
			);
			path = proTests;
			sourceTree = "<group>";
		};
		E29A5F85246C1F8800B7A242 /* proUITests */ = {
			isa = PBXGroup;
			children = (
				E29A5F86246C1F8800B7A242 /* proUITests.swift */,
				E29A5F88246C1F8800B7A242 /* Info.plist */,
			);
			path = proUITests;
			sourceTree = "<group>";
		};
/* End PBXGroup section */

/* Begin PBXNativeTarget section */
		E29A5F60246C1F7D00B7A242 /* pro */ = {
			isa = PBXNativeTarget;
			buildConfigurationList = E29A5F8B246C1F8800B7A242 /* Build configuration list for PBXNativeTarget "pro" */;
			buildPhases = (
				E29A5F5D246C1F7D00B7A242 /* Sources */,
				E29A5F5E246C1F7D00B7A242 /* Frameworks */,
				E29A5F5F246C1F7D00B7A242 /* Resources */,
			);
			buildRules = (
			);
			dependencies = (
			);
			name = pro;
			productName = pro;
			productReference = E29A5F61246C1F7D00B7A242 /* pro.app */;
			productType = "com.apple.product-type.application";
		};
		E29A5F76246C1F8800B7A242 /* proTests */ = {
			isa = PBXNativeTarget;
			buildConfigurationList = E29A5F8E246C1F8800B7A242 /* Build configuration list for PBXNativeTarget "proTests" */;
			buildPhases = (
				E29A5F73246C1F8800B7A242 /* Sources */,
				E29A5F74246C1F8800B7A242 /* Frameworks */,
				E29A5F75246C1F8800B7A242 /* Resources */,
			);
			buildRules = (
			);
			dependencies = (
				E29A5F79246C1F8800B7A242 /* PBXTargetDependency */,
			);
			name = proTests;
			productName = proTests;
			productReference = E29A5F77246C1F8800B7A242 /* proTests.xctest */;
			productType = "com.apple.product-type.bundle.unit-test";
		};
		E29A5F81246C1F8800B7A242 /* proUITests */ = {
			isa = PBXNativeTarget;
			buildConfigurationList = E29A5F91246C1F8800B7A242 /* Build configuration list for PBXNativeTarget "proUITests" */;
			buildPhases = (
				E29A5F7E246C1F8800B7A242 /* Sources */,
				E29A5F7F246C1F8800B7A242 /* Frameworks */,
				E29A5F80246C1F8800B7A242 /* Resources */,
			);
			buildRules = (
			);
			dependencies = (
				E29A5F84246C1F8800B7A242 /* PBXTargetDependency */,
			);
			name = proUITests;
			productName = proUITests;
			productReference = E29A5F82246C1F8800B7A242 /* proUITests.xctest */;
			productType = "com.apple.product-type.bundle.ui-testing";
		};
/* End PBXNativeTarget section */

/* Begin PBXProject section */
		E29A5F59246C1F7D00B7A242 /* Project object */ = {
			isa = PBXProject;
			attributes = {
				LastSwiftUpdateCheck = 1130;
				LastUpgradeCheck = 1130;
				ORGANIZATIONNAME = Sureckaa;
				TargetAttributes = {
					E29A5F60246C1F7D00B7A242 = {
						CreatedOnToolsVersion = 11.3.1;
					};
					E29A5F76246C1F8800B7A242 = {
						CreatedOnToolsVersion = 11.3.1;
						TestTargetID = E29A5F60246C1F7D00B7A242;
					};
					E29A5F81246C1F8800B7A242 = {
						CreatedOnToolsVersion = 11.3.1;
						TestTargetID = E29A5F60246C1F7D00B7A242;
					};
				};
			};
			buildConfigurationList = E29A5F5C246C1F7D00B7A242 /* Build configuration list for PBXProject "pro" */;
			compatibilityVersion = "Xcode 9.3";
			developmentRegion = en;
			hasScannedForEncodings = 0;
			knownRegions = (
				en,
				Base,
			);
			mainGroup = E29A5F58246C1F7D00B7A242;
			productRefGroup = E29A5F62246C1F7D00B7A242 /* Products */;
			projectDirPath = "";
			projectRoot = "";
			targets = (
				E29A5F60246C1F7D00B7A242 /* pro */,
				E29A5F76246C1F8800B7A242 /* proTests */,
				E29A5F81246C1F8800B7A242 /* proUITests */,
			);
		};
/* End PBXProject section */

/* Begin PBXResourcesBuildPhase section */
		E29A5F5F246C1F7D00B7A242 /* Resources */ = {
			isa = PBXResourcesBuildPhase;
			buildActionMask = 2147483647;
			files = (
				E29A5F71246C1F8800B7A242 /* LaunchScreen.storyboard in Resources */,
				E29A5F6E246C1F8800B7A242 /* Assets.xcassets in Resources */,
				E29A5F6C246C1F7D00B7A242 /* Main.storyboard in Resources */,
			);
			runOnlyForDeploymentPostprocessing = 0;
		};
		E29A5F75246C1F8800B7A242 /* Resources */ = {
			isa = PBXResourcesBuildPhase;
			buildActionMask = 2147483647;
			files = (
			);
			runOnlyForDeploymentPostprocessing = 0;
		};
		E29A5F80246C1F8800B7A242 /* Resources */ = {
			isa = PBXResourcesBuildPhase;
			buildActionMask = 2147483647;
			files = (
			);
			runOnlyForDeploymentPostprocessing = 0;
		};
/* End PBXResourcesBuildPhase section */

/* Begin PBXSourcesBuildPhase section */
		E29A5F5D246C1F7D00B7A242 /* Sources */ = {
			isa = PBXSourcesBuildPhase;
			buildActionMask = 2147483647;
			files = (
				E29A5F69246C1F7D00B7A242 /* ViewController.swift in Sources */,
				E29A5F65246C1F7D00B7A242 /* AppDelegate.swift in Sources */,
				E29A5F67246C1F7D00B7A242 /* SceneDelegate.swift in Sources */,
			);
			runOnlyForDeploymentPostprocessing = 0;
		};
		E29A5F73246C1F8800B7A242 /* Sources */ = {
			isa = PBXSourcesBuildPhase;
			buildActionMask = 2147483647;
			files = (
				E29A5F7C246C1F8800B7A242 /* proTests.swift in Sources */,
			);
			runOnlyForDeploymentPostprocessing = 0;
		};
		E29A5F7E246C1F8800B7A242 /* Sources */ = {
			isa = PBXSourcesBuildPhase;
			buildActionMask = 2147483647;
			files = (
				E29A5F87246C1F8800B7A242 /* proUITests.swift in Sources */,
			);
			runOnlyForDeploymentPostprocessing = 0;
		};
/* End PBXSourcesBuildPhase section */

/* Begin PBXTargetDependency section */
		E29A5F79246C1F8800B7A242 /* PBXTargetDependency */ = {
			isa = PBXTargetDependency;
			target = E29A5F60246C1F7D00B7A242 /* pro */;
			targetProxy = E29A5F78246C1F8800B7A242 /* PBXContainerItemProxy */;
		};
		E29A5F84246C1F8800B7A242 /* PBXTargetDependency */ = {
			isa = PBXTargetDependency;
			target = E29A5F60246C1F7D00B7A242 /* pro */;
			targetProxy = E29A5F83246C1F8800B7A242 /* PBXContainerItemProxy */;
		};
/* End PBXTargetDependency section */

/* Begin PBXVariantGroup section */
		E29A5F6A246C1F7D00B7A242 /* Main.storyboard */ = {
			isa = PBXVariantGroup;
			children = (
				E29A5F6B246C1F7D00B7A242 /* Base */,
			);
			name = Main.storyboard;
			sourceTree = "<group>";
		};
		E29A5F6F246C1F8800B7A242 /* LaunchScreen.storyboard */ = {
			isa = PBXVariantGroup;
			children = (
				E29A5F70246C1F8800B7A242 /* Base */,
			);
			name = LaunchScreen.storyboard;
			sourceTree = "<group>";
		};
/* End PBXVariantGroup section */

/* Begin XCBuildConfiguration section */
		E29A5F89246C1F8800B7A242 /* Debug */ = {
			isa = XCBuildConfiguration;
			buildSettings = {
				ALWAYS_SEARCH_USER_PATHS = NO;
				CLANG_ANALYZER_NONNULL = YES;
				CLANG_ANALYZER_NUMBER_OBJECT_CONVERSION = YES_AGGRESSIVE;
				CLANG_CXX_LANGUAGE_STANDARD = "gnu++14";
				CLANG_CXX_LIBRARY = "libc++";
				CLANG_ENABLE_MODULES = YES;
				CLANG_ENABLE_OBJC_ARC = YES;
				CLANG_ENABLE_OBJC_WEAK = YES;
				CLANG_WARN_BLOCK_CAPTURE_AUTORELEASING = YES;
				CLANG_WARN_BOOL_CONVERSION = YES;
				CLANG_WARN_COMMA = YES;
				CLANG_WARN_CONSTANT_CONVERSION = YES;
				CLANG_WARN_DEPRECATED_OBJC_IMPLEMENTATIONS = YES;
				CLANG_WARN_DIRECT_OBJC_ISA_USAGE = YES_ERROR;
				CLANG_WARN_DOCUMENTATION_COMMENTS = YES;
				CLANG_WARN_EMPTY_BODY = YES;
				CLANG_WARN_ENUM_CONVERSION = YES;
				CLANG_WARN_INFINITE_RECURSION = YES;
				CLANG_WARN_INT_CONVERSION = YES;
				CLANG_WARN_NON_LITERAL_NULL_CONVERSION = YES;
				CLANG_WARN_OBJC_IMPLICIT_RETAIN_SELF = YES;
				CLANG_WARN_OBJC_LITERAL_CONVERSION = YES;
				CLANG_WARN_OBJC_ROOT_CLASS = YES_ERROR;
				CLANG_WARN_RANGE_LOOP_ANALYSIS = YES;
				CLANG_WARN_STRICT_PROTOTYPES = YES;
				CLANG_WARN_SUSPICIOUS_MOVE = YES;
				CLANG_WARN_UNGUARDED_AVAILABILITY = YES_AGGRESSIVE;
				CLANG_WARN_UNREACHABLE_CODE = YES;
				CLANG_WARN__DUPLICATE_METHOD_MATCH = YES;
				COPY_PHASE_STRIP = NO;
				DEBUG_INFORMATION_FORMAT = dwarf;
				ENABLE_STRICT_OBJC_MSGSEND = YES;
				ENABLE_TESTABILITY = YES;
				GCC_C_LANGUAGE_STANDARD = gnu11;
				GCC_DYNAMIC_NO_PIC = NO;
				GCC_NO_COMMON_BLOCKS = YES;
				GCC_OPTIMIZATION_LEVEL = 0;
				GCC_PREPROCESSOR_DEFINITIONS = (
					"DEBUG=1",
					"$(inherited)",
				);
				GCC_WARN_64_TO_32_BIT_CONVERSION = YES;
				GCC_WARN_ABOUT_RETURN_TYPE = YES_ERROR;
				GCC_WARN_UNDECLARED_SELECTOR = YES;
				GCC_WARN_UNINITIALIZED_AUTOS = YES_AGGRESSIVE;
				GCC_WARN_UNUSED_FUNCTION = YES;
				GCC_WARN_UNUSED_VARIABLE = YES;
				IPHONEOS_DEPLOYMENT_TARGET = 13.2;
				MTL_ENABLE_DEBUG_INFO = INCLUDE_SOURCE;
				MTL_FAST_MATH = YES;
				ONLY_ACTIVE_ARCH = YES;
				SDKROOT = iphoneos;
				SWIFT_ACTIVE_COMPILATION_CONDITIONS = DEBUG;
				SWIFT_OPTIMIZATION_LEVEL = "-Onone";
			};
			name = Debug;
		};
		E29A5F8A246C1F8800B7A242 /* Release */ = {
			isa = XCBuildConfiguration;
			buildSettings = {
				ALWAYS_SEARCH_USER_PATHS = NO;
				CLANG_ANALYZER_NONNULL = YES;
				CLANG_ANALYZER_NUMBER_OBJECT_CONVERSION = YES_AGGRESSIVE;
				CLANG_CXX_LANGUAGE_STANDARD = "gnu++14";
				CLANG_CXX_LIBRARY = "libc++";
				CLANG_ENABLE_MODULES = YES;
				CLANG_ENABLE_OBJC_ARC = YES;
				CLANG_ENABLE_OBJC_WEAK = YES;
				CLANG_WARN_BLOCK_CAPTURE_AUTORELEASING = YES;
				CLANG_WARN_BOOL_CONVERSION = YES;
				CLANG_WARN_COMMA = YES;
				CLANG_WARN_CONSTANT_CONVERSION = YES;
				CLANG_WARN_DEPRECATED_OBJC_IMPLEMENTATIONS = YES;
				CLANG_WARN_DIRECT_OBJC_ISA_USAGE = YES_ERROR;
				CLANG_WARN_DOCUMENTATION_COMMENTS = YES;
				CLANG_WARN_EMPTY_BODY = YES;
				CLANG_WARN_ENUM_CONVERSION = YES;
				CLANG_WARN_INFINITE_RECURSION = YES;
				CLANG_WARN_INT_CONVERSION = YES;
				CLANG_WARN_NON_LITERAL_NULL_CONVERSION = YES;
				CLANG_WARN_OBJC_IMPLICIT_RETAIN_SELF = YES;
				CLANG_WARN_OBJC_LITERAL_CONVERSION = YES;
				CLANG_WARN_OBJC_ROOT_CLASS = YES_ERROR;
				CLANG_WARN_RANGE_LOOP_ANALYSIS = YES;
				CLANG_WARN_STRICT_PROTOTYPES = YES;
				CLANG_WARN_SUSPICIOUS_MOVE = YES;
				CLANG_WARN_UNGUARDED_AVAILABILITY = YES_AGGRESSIVE;
				CLANG_WARN_UNREACHABLE_CODE = YES;
				CLANG_WARN__DUPLICATE_METHOD_MATCH = YES;
				COPY_PHASE_STRIP = NO;
				DEBUG_INFORMATION_FORMAT = "dwarf-with-dsym";
				ENABLE_NS_ASSERTIONS = NO;
				ENABLE_STRICT_OBJC_MSGSEND = YES;
				GCC_C_LANGUAGE_STANDARD = gnu11;
				GCC_NO_COMMON_BLOCKS = YES;
				GCC_WARN_64_TO_32_BIT_CONVERSION = YES;
				GCC_WARN_ABOUT_RETURN_TYPE = YES_ERROR;
				GCC_WARN_UNDECLARED_SELECTOR = YES;
				GCC_WARN_UNINITIALIZED_AUTOS = YES_AGGRESSIVE;
				GCC_WARN_UNUSED_FUNCTION = YES;
				GCC_WARN_UNUSED_VARIABLE = YES;
				IPHONEOS_DEPLOYMENT_TARGET = 13.2;
				MTL_ENABLE_DEBUG_INFO = NO;
				MTL_FAST_MATH = YES;
				SDKROOT = iphoneos;
				SWIFT_COMPILATION_MODE = wholemodule;
				SWIFT_OPTIMIZATION_LEVEL = "-O";
				VALIDATE_PRODUCT = YES;
			};
			name = Release;
		};
		E29A5F8C246C1F8800B7A242 /* Debug */ = {
			isa = XCBuildConfiguration;
			buildSettings = {
				ASSETCATALOG_COMPILER_APPICON_NAME = AppIcon;
				CODE_SIGN_STYLE = Automatic;
				DEVELOPMENT_TEAM = ANWKD8DHQ3;
				INFOPLIST_FILE = pro/Info.plist;
				LD_RUNPATH_SEARCH_PATHS = (
					"$(inherited)",
					"@executable_path/Frameworks",
				);
				PRODUCT_BUNDLE_IDENTIFIER = uni.pro;
				PRODUCT_NAME = "$(TARGET_NAME)";
				SWIFT_VERSION = 5.0;
				TARGETED_DEVICE_FAMILY = "1,2";
			};
			name = Debug;
		};
		E29A5F8D246C1F8800B7A242 /* Release */ = {
			isa = XCBuildConfiguration;
			buildSettings = {
				ASSETCATALOG_COMPILER_APPICON_NAME = AppIcon;
				CODE_SIGN_STYLE = Automatic;
				DEVELOPMENT_TEAM = ANWKD8DHQ3;
				INFOPLIST_FILE = pro/Info.plist;
				LD_RUNPATH_SEARCH_PATHS = (
					"$(inherited)",
					"@executable_path/Frameworks",
				);
				PRODUCT_BUNDLE_IDENTIFIER = uni.pro;
				PRODUCT_NAME = "$(TARGET_NAME)";
				SWIFT_VERSION = 5.0;
				TARGETED_DEVICE_FAMILY = "1,2";
			};
			name = Release;
		};
		E29A5F8F246C1F8800B7A242 /* Debug */ = {
			isa = XCBuildConfiguration;
			buildSettings = {
				ALWAYS_EMBED_SWIFT_STANDARD_LIBRARIES = YES;
				BUNDLE_LOADER = "$(TEST_HOST)";
				CODE_SIGN_STYLE = Automatic;
				INFOPLIST_FILE = proTests/Info.plist;
				IPHONEOS_DEPLOYMENT_TARGET = 13.2;
				LD_RUNPATH_SEARCH_PATHS = (
					"$(inherited)",
					"@executable_path/Frameworks",
					"@loader_path/Frameworks",
				);
				PRODUCT_BUNDLE_IDENTIFIER = uni.proTests;
				PRODUCT_NAME = "$(TARGET_NAME)";
				SWIFT_VERSION = 5.0;
				TARGETED_DEVICE_FAMILY = "1,2";
				TEST_HOST = "$(BUILT_PRODUCTS_DIR)/pro.app/pro";
			};
			name = Debug;
		};
		E29A5F90246C1F8800B7A242 /* Release */ = {
			isa = XCBuildConfiguration;
			buildSettings = {
				ALWAYS_EMBED_SWIFT_STANDARD_LIBRARIES = YES;
				BUNDLE_LOADER = "$(TEST_HOST)";
				CODE_SIGN_STYLE = Automatic;
				INFOPLIST_FILE = proTests/Info.plist;
				IPHONEOS_DEPLOYMENT_TARGET = 13.2;
				LD_RUNPATH_SEARCH_PATHS = (
					"$(inherited)",
					"@executable_path/Frameworks",
					"@loader_path/Frameworks",
				);
				PRODUCT_BUNDLE_IDENTIFIER = uni.proTests;
				PRODUCT_NAME = "$(TARGET_NAME)";
				SWIFT_VERSION = 5.0;
				TARGETED_DEVICE_FAMILY = "1,2";
				TEST_HOST = "$(BUILT_PRODUCTS_DIR)/pro.app/pro";
			};
			name = Release;
		};
		E29A5F92246C1F8800B7A242 /* Debug */ = {
			isa = XCBuildConfiguration;
			buildSettings = {
				ALWAYS_EMBED_SWIFT_STANDARD_LIBRARIES = YES;
				CODE_SIGN_STYLE = Automatic;
				INFOPLIST_FILE = proUITests/Info.plist;
				LD_RUNPATH_SEARCH_PATHS = (
					"$(inherited)",
					"@executable_path/Frameworks",
					"@loader_path/Frameworks",
				);
				PRODUCT_BUNDLE_IDENTIFIER = uni.proUITests;
				PRODUCT_NAME = "$(TARGET_NAME)";
				SWIFT_VERSION = 5.0;
				TARGETED_DEVICE_FAMILY = "1,2";
				TEST_TARGET_NAME = pro;
			};
			name = Debug;
		};
		E29A5F93246C1F8800B7A242 /* Release */ = {
			isa = XCBuildConfiguration;
			buildSettings = {
				ALWAYS_EMBED_SWIFT_STANDARD_LIBRARIES = YES;
				CODE_SIGN_STYLE = Automatic;
				INFOPLIST_FILE = proUITests/Info.plist;
				LD_RUNPATH_SEARCH_PATHS = (
					"$(inherited)",
					"@executable_path/Frameworks",
					"@loader_path/Frameworks",
				);
				PRODUCT_BUNDLE_IDENTIFIER = uni.proUITests;
				PRODUCT_NAME = "$(TARGET_NAME)";
				SWIFT_VERSION = 5.0;
				TARGETED_DEVICE_FAMILY = "1,2";
				TEST_TARGET_NAME = pro;
			};
			name = Release;
		};
/* End XCBuildConfiguration section */

/* Begin XCConfigurationList section */
		E29A5F5C246C1F7D00B7A242 /* Build configuration list for PBXProject "pro" */ = {
			isa = XCConfigurationList;
			buildConfigurations = (
				E29A5F89246C1F8800B7A242 /* Debug */,
				E29A5F8A246C1F8800B7A242 /* Release */,
			);
			defaultConfigurationIsVisible = 0;
			defaultConfigurationName = Release;
		};
		E29A5F8B246C1F8800B7A242 /* Build configuration list for PBXNativeTarget "pro" */ = {
			isa = XCConfigurationList;
			buildConfigurations = (
				E29A5F8C246C1F8800B7A242 /* Debug */,
				E29A5F8D246C1F8800B7A242 /* Release */,
			);
			defaultConfigurationIsVisible = 0;
			defaultConfigurationName = Release;
		};
		E29A5F8E246C1F8800B7A242 /* Build configuration list for PBXNativeTarget "proTests" */ = {
			isa = XCConfigurationList;
			buildConfigurations = (
				E29A5F8F246C1F8800B7A242 /* Debug */,
				E29A5F90246C1F8800B7A242 /* Release */,
			);
			defaultConfigurationIsVisible = 0;
			defaultConfigurationName = Release;
		};
		E29A5F91246C1F8800B7A242 /* Build configuration list for PBXNativeTarget "proUITests" */ = {
			isa = XCConfigurationList;
			buildConfigurations = (
				E29A5F92246C1F8800B7A242 /* Debug */,
				E29A5F93246C1F8800B7A242 /* Release */,
			);
			defaultConfigurationIsVisible = 0;
			defaultConfigurationName = Release;
		};
/* End XCConfigurationList section */
	};
	rootObject = E29A5F59246C1F7D00B7A242 /* Project object */;
}
